// !$*UTF8*$!
{
	archiveVersion = 1;
	classes = {
	};
	objectVersion = 56;
	objects = {

/* Begin PBXBuildFile section */
		52B5857F2A73A3E800F8F37A /* w4ProductApp.swift in Sources */ = {isa = PBXBuildFile; fileRef = 52B5857E2A73A3E800F8F37A /* w4ProductApp.swift */; };
		52B585812A73A3E800F8F37A /* ContentView.swift in Sources */ = {isa = PBXBuildFile; fileRef = 52B585802A73A3E800F8F37A /* ContentView.swift */; };
		52B585832A73A3E900F8F37A /* Assets.xcassets in Resources */ = {isa = PBXBuildFile; fileRef = 52B585822A73A3E900F8F37A /* Assets.xcassets */; };
		52B585862A73A3E900F8F37A /* Preview Assets.xcassets in Resources */ = {isa = PBXBuildFile; fileRef = 52B585852A73A3E900F8F37A /* Preview Assets.xcassets */; };
		52B585902A73A3E900F8F37A /* w4ProductTests.swift in Sources */ = {isa = PBXBuildFile; fileRef = 52B5858F2A73A3E900F8F37A /* w4ProductTests.swift */; };
		52B5859A2A73A3EA00F8F37A /* w4ProductUITests.swift in Sources */ = {isa = PBXBuildFile; fileRef = 52B585992A73A3EA00F8F37A /* w4ProductUITests.swift */; };
		52B5859C2A73A3EA00F8F37A /* w4ProductUITestsLaunchTests.swift in Sources */ = {isa = PBXBuildFile; fileRef = 52B5859B2A73A3EA00F8F37A /* w4ProductUITestsLaunchTests.swift */; };
/* End PBXBuildFile section */

/* Begin PBXContainerItemProxy section */
		52B5858C2A73A3E900F8F37A /* PBXContainerItemProxy */ = {
			isa = PBXContainerItemProxy;
			containerPortal = 52B585732A73A3E800F8F37A /* Project object */;
			proxyType = 1;
			remoteGlobalIDString = 52B5857A2A73A3E800F8F37A;
			remoteInfo = w4Product;
		};
		52B585962A73A3EA00F8F37A /* PBXContainerItemProxy */ = {
			isa = PBXContainerItemProxy;
			containerPortal = 52B585732A73A3E800F8F37A /* Project object */;
			proxyType = 1;
			remoteGlobalIDString = 52B5857A2A73A3E800F8F37A;
			remoteInfo = w4Product;
		};
/* End PBXContainerItemProxy section */

/* Begin PBXFileReference section */
		52B5857B2A73A3E800F8F37A /* w4Product.app */ = {isa = PBXFileReference; explicitFileType = wrapper.application; includeInIndex = 0; path = w4Product.app; sourceTree = BUILT_PRODUCTS_DIR; };
		52B5857E2A73A3E800F8F37A /* w4ProductApp.swift */ = {isa = PBXFileReference; lastKnownFileType = sourcecode.swift; path = w4ProductApp.swift; sourceTree = "<group>"; };
		52B585802A73A3E800F8F37A /* ContentView.swift */ = {isa = PBXFileReference; lastKnownFileType = sourcecode.swift; path = ContentView.swift; sourceTree = "<group>"; };
		52B585822A73A3E900F8F37A /* Assets.xcassets */ = {isa = PBXFileReference; lastKnownFileType = folder.assetcatalog; path = Assets.xcassets; sourceTree = "<group>"; };
		52B585852A73A3E900F8F37A /* Preview Assets.xcassets */ = {isa = PBXFileReference; lastKnownFileType = folder.assetcatalog; path = "Preview Assets.xcassets"; sourceTree = "<group>"; };
		52B5858B2A73A3E900F8F37A /* w4ProductTests.xctest */ = {isa = PBXFileReference; explicitFileType = wrapper.cfbundle; includeInIndex = 0; path = w4ProductTests.xctest; sourceTree = BUILT_PRODUCTS_DIR; };
		52B5858F2A73A3E900F8F37A /* w4ProductTests.swift */ = {isa = PBXFileReference; lastKnownFileType = sourcecode.swift; path = w4ProductTests.swift; sourceTree = "<group>"; };
		52B585952A73A3EA00F8F37A /* w4ProductUITests.xctest */ = {isa = PBXFileReference; explicitFileType = wrapper.cfbundle; includeInIndex = 0; path = w4ProductUITests.xctest; sourceTree = BUILT_PRODUCTS_DIR; };
		52B585992A73A3EA00F8F37A /* w4ProductUITests.swift */ = {isa = PBXFileReference; lastKnownFileType = sourcecode.swift; path = w4ProductUITests.swift; sourceTree = "<group>"; };
		52B5859B2A73A3EA00F8F37A /* w4ProductUITestsLaunchTests.swift */ = {isa = PBXFileReference; lastKnownFileType = sourcecode.swift; path = w4ProductUITestsLaunchTests.swift; sourceTree = "<group>"; };
/* End PBXFileReference section */

/* Begin PBXFrameworksBuildPhase section */
		52B585782A73A3E800F8F37A /* Frameworks */ = {
			isa = PBXFrameworksBuildPhase;
			buildActionMask = 2147483647;
			files = (
			);
			runOnlyForDeploymentPostprocessing = 0;
		};
		52B585882A73A3E900F8F37A /* Frameworks */ = {
			isa = PBXFrameworksBuildPhase;
			buildActionMask = 2147483647;
			files = (
			);
			runOnlyForDeploymentPostprocessing = 0;
		};
		52B585922A73A3EA00F8F37A /* Frameworks */ = {
			isa = PBXFrameworksBuildPhase;
			buildActionMask = 2147483647;
			files = (
			);
			runOnlyForDeploymentPostprocessing = 0;
		};
/* End PBXFrameworksBuildPhase section */

/* Begin PBXGroup section */
		52B585722A73A3E800F8F37A = {
			isa = PBXGroup;
			children = (
				52B5857D2A73A3E800F8F37A /* w4Product */,
				52B5858E2A73A3E900F8F37A /* w4ProductTests */,
				52B585982A73A3EA00F8F37A /* w4ProductUITests */,
				52B5857C2A73A3E800F8F37A /* Products */,
			);
			sourceTree = "<group>";
		};
		52B5857C2A73A3E800F8F37A /* Products */ = {
			isa = PBXGroup;
			children = (
				52B5857B2A73A3E800F8F37A /* w4Product.app */,
				52B5858B2A73A3E900F8F37A /* w4ProductTests.xctest */,
				52B585952A73A3EA00F8F37A /* w4ProductUITests.xctest */,
			);
			name = Products;
			sourceTree = "<group>";
		};
		52B5857D2A73A3E800F8F37A /* w4Product */ = {
			isa = PBXGroup;
			children = (
				52B5857E2A73A3E800F8F37A /* w4ProductApp.swift */,
				52B585802A73A3E800F8F37A /* ContentView.swift */,
				52B585822A73A3E900F8F37A /* Assets.xcassets */,
				52B585842A73A3E900F8F37A /* Preview Content */,
			);
			path = w4Product;
			sourceTree = "<group>";
		};
		52B585842A73A3E900F8F37A /* Preview Content */ = {
			isa = PBXGroup;
			children = (
				52B585852A73A3E900F8F37A /* Preview Assets.xcassets */,
			);
			path = "Preview Content";
			sourceTree = "<group>";
		};
		52B5858E2A73A3E900F8F37A /* w4ProductTests */ = {
			isa = PBXGroup;
			children = (
				52B5858F2A73A3E900F8F37A /* w4ProductTests.swift */,
			);
			path = w4ProductTests;
			sourceTree = "<group>";
		};
		52B585982A73A3EA00F8F37A /* w4ProductUITests */ = {
			isa = PBXGroup;
			children = (
				52B585992A73A3EA00F8F37A /* w4ProductUITests.swift */,
				52B5859B2A73A3EA00F8F37A /* w4ProductUITestsLaunchTests.swift */,
			);
			path = w4ProductUITests;
			sourceTree = "<group>";
		};
/* End PBXGroup section */

/* Begin PBXNativeTarget section */
		52B5857A2A73A3E800F8F37A /* w4Product */ = {
			isa = PBXNativeTarget;
			buildConfigurationList = 52B5859F2A73A3EA00F8F37A /* Build configuration list for PBXNativeTarget "w4Product" */;
			buildPhases = (
				52B585772A73A3E800F8F37A /* Sources */,
				52B585782A73A3E800F8F37A /* Frameworks */,
				52B585792A73A3E800F8F37A /* Resources */,
			);
			buildRules = (
			);
			dependencies = (
			);
			name = w4Product;
			productName = w4Product;
			productReference = 52B5857B2A73A3E800F8F37A /* w4Product.app */;
			productType = "com.apple.product-type.application";
		};
		52B5858A2A73A3E900F8F37A /* w4ProductTests */ = {
			isa = PBXNativeTarget;
			buildConfigurationList = 52B585A22A73A3EA00F8F37A /* Build configuration list for PBXNativeTarget "w4ProductTests" */;
			buildPhases = (
				52B585872A73A3E900F8F37A /* Sources */,
				52B585882A73A3E900F8F37A /* Frameworks */,
				52B585892A73A3E900F8F37A /* Resources */,
			);
			buildRules = (
			);
			dependencies = (
				52B5858D2A73A3E900F8F37A /* PBXTargetDependency */,
			);
			name = w4ProductTests;
			productName = w4ProductTests;
			productReference = 52B5858B2A73A3E900F8F37A /* w4ProductTests.xctest */;
			productType = "com.apple.product-type.bundle.unit-test";
		};
		52B585942A73A3EA00F8F37A /* w4ProductUITests */ = {
			isa = PBXNativeTarget;
			buildConfigurationList = 52B585A52A73A3EA00F8F37A /* Build configuration list for PBXNativeTarget "w4ProductUITests" */;
			buildPhases = (
				52B585912A73A3EA00F8F37A /* Sources */,
				52B585922A73A3EA00F8F37A /* Frameworks */,
				52B585932A73A3EA00F8F37A /* Resources */,
			);
			buildRules = (
			);
			dependencies = (
				52B585972A73A3EA00F8F37A /* PBXTargetDependency */,
			);
			name = w4ProductUITests;
			productName = w4ProductUITests;
			productReference = 52B585952A73A3EA00F8F37A /* w4ProductUITests.xctest */;
			productType = "com.apple.product-type.bundle.ui-testing";
		};
/* End PBXNativeTarget section */

/* Begin PBXProject section */
		52B585732A73A3E800F8F37A /* Project object */ = {
			isa = PBXProject;
			attributes = {
				BuildIndependentTargetsInParallel = 1;
				LastSwiftUpdateCheck = 1430;
				LastUpgradeCheck = 1430;
				TargetAttributes = {
					52B5857A2A73A3E800F8F37A = {
						CreatedOnToolsVersion = 14.3.1;
					};
					52B5858A2A73A3E900F8F37A = {
						CreatedOnToolsVersion = 14.3.1;
						TestTargetID = 52B5857A2A73A3E800F8F37A;
					};
					52B585942A73A3EA00F8F37A = {
						CreatedOnToolsVersion = 14.3.1;
						TestTargetID = 52B5857A2A73A3E800F8F37A;
					};
				};
			};
			buildConfigurationList = 52B585762A73A3E800F8F37A /* Build configuration list for PBXProject "w4Product" */;
			compatibilityVersion = "Xcode 14.0";
			developmentRegion = en;
			hasScannedForEncodings = 0;
			knownRegions = (
				en,
				Base,
			);
			mainGroup = 52B585722A73A3E800F8F37A;
			productRefGroup = 52B5857C2A73A3E800F8F37A /* Products */;
			projectDirPath = "";
			projectRoot = "";
			targets = (
				52B5857A2A73A3E800F8F37A /* w4Product */,
				52B5858A2A73A3E900F8F37A /* w4ProductTests */,
				52B585942A73A3EA00F8F37A /* w4ProductUITests */,
			);
		};
/* End PBXProject section */

/* Begin PBXResourcesBuildPhase section */
		52B585792A73A3E800F8F37A /* Resources */ = {
			isa = PBXResourcesBuildPhase;
			buildActionMask = 2147483647;
			files = (
				52B585862A73A3E900F8F37A /* Preview Assets.xcassets in Resources */,
				52B585832A73A3E900F8F37A /* Assets.xcassets in Resources */,
			);
			runOnlyForDeploymentPostprocessing = 0;
		};
		52B585892A73A3E900F8F37A /* Resources */ = {
			isa = PBXResourcesBuildPhase;
			buildActionMask = 2147483647;
			files = (
			);
			runOnlyForDeploymentPostprocessing = 0;
		};
		52B585932A73A3EA00F8F37A /* Resources */ = {
			isa = PBXResourcesBuildPhase;
			buildActionMask = 2147483647;
			files = (
			);
			runOnlyForDeploymentPostprocessing = 0;
		};
/* End PBXResourcesBuildPhase section */

/* Begin PBXSourcesBuildPhase section */
		52B585772A73A3E800F8F37A /* Sources */ = {
			isa = PBXSourcesBuildPhase;
			buildActionMask = 2147483647;
			files = (
				52B585812A73A3E800F8F37A /* ContentView.swift in Sources */,
				52B5857F2A73A3E800F8F37A /* w4ProductApp.swift in Sources */,
			);
			runOnlyForDeploymentPostprocessing = 0;
		};
		52B585872A73A3E900F8F37A /* Sources */ = {
			isa = PBXSourcesBuildPhase;
			buildActionMask = 2147483647;
			files = (
				52B585902A73A3E900F8F37A /* w4ProductTests.swift in Sources */,
			);
			runOnlyForDeploymentPostprocessing = 0;
		};
		52B585912A73A3EA00F8F37A /* Sources */ = {
			isa = PBXSourcesBuildPhase;
			buildActionMask = 2147483647;
			files = (
				52B5859A2A73A3EA00F8F37A /* w4ProductUITests.swift in Sources */,
				52B5859C2A73A3EA00F8F37A /* w4ProductUITestsLaunchTests.swift in Sources */,
			);
			runOnlyForDeploymentPostprocessing = 0;
		};
/* End PBXSourcesBuildPhase section */

/* Begin PBXTargetDependency section */
		52B5858D2A73A3E900F8F37A /* PBXTargetDependency */ = {
			isa = PBXTargetDependency;
			target = 52B5857A2A73A3E800F8F37A /* w4Product */;
			targetProxy = 52B5858C2A73A3E900F8F37A /* PBXContainerItemProxy */;
		};
		52B585972A73A3EA00F8F37A /* PBXTargetDependency */ = {
			isa = PBXTargetDependency;
			target = 52B5857A2A73A3E800F8F37A /* w4Product */;
			targetProxy = 52B585962A73A3EA00F8F37A /* PBXContainerItemProxy */;
		};
/* End PBXTargetDependency section */

/* Begin XCBuildConfiguration section */
		52B5859D2A73A3EA00F8F37A /* Debug */ = {
			isa = XCBuildConfiguration;
			buildSettings = {
				ALWAYS_SEARCH_USER_PATHS = NO;
				CLANG_ANALYZER_NONNULL = YES;
				CLANG_ANALYZER_NUMBER_OBJECT_CONVERSION = YES_AGGRESSIVE;
				CLANG_CXX_LANGUAGE_STANDARD = "gnu++20";
				CLANG_ENABLE_MODULES = YES;
				CLANG_ENABLE_OBJC_ARC = YES;
				CLANG_ENABLE_OBJC_WEAK = YES;
				CLANG_WARN_BLOCK_CAPTURE_AUTORELEASING = YES;
				CLANG_WARN_BOOL_CONVERSION = YES;
				CLANG_WARN_COMMA = YES;
				CLANG_WARN_CONSTANT_CONVERSION = YES;
				CLANG_WARN_DEPRECATED_OBJC_IMPLEMENTATIONS = YES;
				CLANG_WARN_DIRECT_OBJC_ISA_USAGE = YES_ERROR;
				CLANG_WARN_DOCUMENTATION_COMMENTS = YES;
				CLANG_WARN_EMPTY_BODY = YES;
				CLANG_WARN_ENUM_CONVERSION = YES;
				CLANG_WARN_INFINITE_RECURSION = YES;
				CLANG_WARN_INT_CONVERSION = YES;
				CLANG_WARN_NON_LITERAL_NULL_CONVERSION = YES;
				CLANG_WARN_OBJC_IMPLICIT_RETAIN_SELF = YES;
				CLANG_WARN_OBJC_LITERAL_CONVERSION = YES;
				CLANG_WARN_OBJC_ROOT_CLASS = YES_ERROR;
				CLANG_WARN_QUOTED_INCLUDE_IN_FRAMEWORK_HEADER = YES;
				CLANG_WARN_RANGE_LOOP_ANALYSIS = YES;
				CLANG_WARN_STRICT_PROTOTYPES = YES;
				CLANG_WARN_SUSPICIOUS_MOVE = YES;
				CLANG_WARN_UNGUARDED_AVAILABILITY = YES_AGGRESSIVE;
				CLANG_WARN_UNREACHABLE_CODE = YES;
				CLANG_WARN__DUPLICATE_METHOD_MATCH = YES;
				COPY_PHASE_STRIP = NO;
				DEBUG_INFORMATION_FORMAT = dwarf;
				ENABLE_STRICT_OBJC_MSGSEND = YES;
				ENABLE_TESTABILITY = YES;
				GCC_C_LANGUAGE_STANDARD = gnu11;
				GCC_DYNAMIC_NO_PIC = NO;
				GCC_NO_COMMON_BLOCKS = YES;
				GCC_OPTIMIZATION_LEVEL = 0;
				GCC_PREPROCESSOR_DEFINITIONS = (
					"DEBUG=1",
					"$(inherited)",
				);
				GCC_WARN_64_TO_32_BIT_CONVERSION = YES;
				GCC_WARN_ABOUT_RETURN_TYPE = YES_ERROR;
				GCC_WARN_UNDECLARED_SELECTOR = YES;
				GCC_WARN_UNINITIALIZED_AUTOS = YES_AGGRESSIVE;
				GCC_WARN_UNUSED_FUNCTION = YES;
				GCC_WARN_UNUSED_VARIABLE = YES;
				IPHONEOS_DEPLOYMENT_TARGET = 16.4;
				MTL_ENABLE_DEBUG_INFO = INCLUDE_SOURCE;
				MTL_FAST_MATH = YES;
				ONLY_ACTIVE_ARCH = YES;
				SDKROOT = iphoneos;
				SWIFT_ACTIVE_COMPILATION_CONDITIONS = DEBUG;
				SWIFT_OPTIMIZATION_LEVEL = "-Onone";
			};
			name = Debug;
		};
		52B5859E2A73A3EA00F8F37A /* Release */ = {
			isa = XCBuildConfiguration;
			buildSettings = {
				ALWAYS_SEARCH_USER_PATHS = NO;
				CLANG_ANALYZER_NONNULL = YES;
				CLANG_ANALYZER_NUMBER_OBJECT_CONVERSION = YES_AGGRESSIVE;
				CLANG_CXX_LANGUAGE_STANDARD = "gnu++20";
				CLANG_ENABLE_MODULES = YES;
				CLANG_ENABLE_OBJC_ARC = YES;
				CLANG_ENABLE_OBJC_WEAK = YES;
				CLANG_WARN_BLOCK_CAPTURE_AUTORELEASING = YES;
				CLANG_WARN_BOOL_CONVERSION = YES;
				CLANG_WARN_COMMA = YES;
				CLANG_WARN_CONSTANT_CONVERSION = YES;
				CLANG_WARN_DEPRECATED_OBJC_IMPLEMENTATIONS = YES;
				CLANG_WARN_DIRECT_OBJC_ISA_USAGE = YES_ERROR;
				CLANG_WARN_DOCUMENTATION_COMMENTS = YES;
				CLANG_WARN_EMPTY_BODY = YES;
				CLANG_WARN_ENUM_CONVERSION = YES;
				CLANG_WARN_INFINITE_RECURSION = YES;
				CLANG_WARN_INT_CONVERSION = YES;
				CLANG_WARN_NON_LITERAL_NULL_CONVERSION = YES;
				CLANG_WARN_OBJC_IMPLICIT_RETAIN_SELF = YES;
				CLANG_WARN_OBJC_LITERAL_CONVERSION = YES;
				CLANG_WARN_OBJC_ROOT_CLASS = YES_ERROR;
				CLANG_WARN_QUOTED_INCLUDE_IN_FRAMEWORK_HEADER = YES;
				CLANG_WARN_RANGE_LOOP_ANALYSIS = YES;
				CLANG_WARN_STRICT_PROTOTYPES = YES;
				CLANG_WARN_SUSPICIOUS_MOVE = YES;
				CLANG_WARN_UNGUARDED_AVAILABILITY = YES_AGGRESSIVE;
				CLANG_WARN_UNREACHABLE_CODE = YES;
				CLANG_WARN__DUPLICATE_METHOD_MATCH = YES;
				COPY_PHASE_STRIP = NO;
				DEBUG_INFORMATION_FORMAT = "dwarf-with-dsym";
				ENABLE_NS_ASSERTIONS = NO;
				ENABLE_STRICT_OBJC_MSGSEND = YES;
				GCC_C_LANGUAGE_STANDARD = gnu11;
				GCC_NO_COMMON_BLOCKS = YES;
				GCC_WARN_64_TO_32_BIT_CONVERSION = YES;
				GCC_WARN_ABOUT_RETURN_TYPE = YES_ERROR;
				GCC_WARN_UNDECLARED_SELECTOR = YES;
				GCC_WARN_UNINITIALIZED_AUTOS = YES_AGGRESSIVE;
				GCC_WARN_UNUSED_FUNCTION = YES;
				GCC_WARN_UNUSED_VARIABLE = YES;
				IPHONEOS_DEPLOYMENT_TARGET = 16.4;
				MTL_ENABLE_DEBUG_INFO = NO;
				MTL_FAST_MATH = YES;
				SDKROOT = iphoneos;
				SWIFT_COMPILATION_MODE = wholemodule;
				SWIFT_OPTIMIZATION_LEVEL = "-O";
				VALIDATE_PRODUCT = YES;
			};
			name = Release;
		};
		52B585A02A73A3EA00F8F37A /* Debug */ = {
			isa = XCBuildConfiguration;
			buildSettings = {
				ASSETCATALOG_COMPILER_APPICON_NAME = AppIcon;
				ASSETCATALOG_COMPILER_GLOBAL_ACCENT_COLOR_NAME = AccentColor;
				CODE_SIGN_STYLE = Automatic;
				CURRENT_PROJECT_VERSION = 1;
				DEVELOPMENT_ASSET_PATHS = "\"w4Product/Preview Content\"";
				ENABLE_PREVIEWS = YES;
				GENERATE_INFOPLIST_FILE = YES;
				INFOPLIST_KEY_UIApplicationSceneManifest_Generation = YES;
				INFOPLIST_KEY_UIApplicationSupportsIndirectInputEvents = YES;
				INFOPLIST_KEY_UILaunchScreen_Generation = YES;
				INFOPLIST_KEY_UISupportedInterfaceOrientations_iPad = "UIInterfaceOrientationPortrait UIInterfaceOrientationPortraitUpsideDown UIInterfaceOrientationLandscapeLeft UIInterfaceOrientationLandscapeRight";
				INFOPLIST_KEY_UISupportedInterfaceOrientations_iPhone = "UIInterfaceOrientationPortrait UIInterfaceOrientationLandscapeLeft UIInterfaceOrientationLandscapeRight";
				LD_RUNPATH_SEARCH_PATHS = (
					"$(inherited)",
					"@executable_path/Frameworks",
				);
				MARKETING_VERSION = 1.0;
				PRODUCT_BUNDLE_IDENTIFIER = rmit.edu.w4Product;
				PRODUCT_NAME = "$(TARGET_NAME)";
				SWIFT_EMIT_LOC_STRINGS = YES;
				SWIFT_VERSION = 5.0;
				TARGETED_DEVICE_FAMILY = "1,2";
			};
			name = Debug;
		};
		52B585A12A73A3EA00F8F37A /* Release */ = {
			isa = XCBuildConfiguration;
			buildSettings = {
				ASSETCATALOG_COMPILER_APPICON_NAME = AppIcon;
				ASSETCATALOG_COMPILER_GLOBAL_ACCENT_COLOR_NAME = AccentColor;
				CODE_SIGN_STYLE = Automatic;
				CURRENT_PROJECT_VERSION = 1;
				DEVELOPMENT_ASSET_PATHS = "\"w4Product/Preview Content\"";
				ENABLE_PREVIEWS = YES;
				GENERATE_INFOPLIST_FILE = YES;
				INFOPLIST_KEY_UIApplicationSceneManifest_Generation = YES;
				INFOPLIST_KEY_UIApplicationSupportsIndirectInputEvents = YES;
				INFOPLIST_KEY_UILaunchScreen_Generation = YES;
				INFOPLIST_KEY_UISupportedInterfaceOrientations_iPad = "UIInterfaceOrientationPortrait UIInterfaceOrientationPortraitUpsideDown UIInterfaceOrientationLandscapeLeft UIInterfaceOrientationLandscapeRight";
				INFOPLIST_KEY_UISupportedInterfaceOrientations_iPhone = "UIInterfaceOrientationPortrait UIInterfaceOrientationLandscapeLeft UIInterfaceOrientationLandscapeRight";
				LD_RUNPATH_SEARCH_PATHS = (
					"$(inherited)",
					"@executable_path/Frameworks",
				);
				MARKETING_VERSION = 1.0;
				PRODUCT_BUNDLE_IDENTIFIER = rmit.edu.w4Product;
				PRODUCT_NAME = "$(TARGET_NAME)";
				SWIFT_EMIT_LOC_STRINGS = YES;
				SWIFT_VERSION = 5.0;
				TARGETED_DEVICE_FAMILY = "1,2";
			};
			name = Release;
		};
		52B585A32A73A3EA00F8F37A /* Debug */ = {
			isa = XCBuildConfiguration;
			buildSettings = {
				ALWAYS_EMBED_SWIFT_STANDARD_LIBRARIES = YES;
				BUNDLE_LOADER = "$(TEST_HOST)";
				CODE_SIGN_STYLE = Automatic;
				CURRENT_PROJECT_VERSION = 1;
				GENERATE_INFOPLIST_FILE = YES;
				IPHONEOS_DEPLOYMENT_TARGET = 16.4;
				MARKETING_VERSION = 1.0;
				PRODUCT_BUNDLE_IDENTIFIER = rmit.edu.w4ProductTests;
				PRODUCT_NAME = "$(TARGET_NAME)";
				SWIFT_EMIT_LOC_STRINGS = NO;
				SWIFT_VERSION = 5.0;
				TARGETED_DEVICE_FAMILY = "1,2";
				TEST_HOST = "$(BUILT_PRODUCTS_DIR)/w4Product.app/$(BUNDLE_EXECUTABLE_FOLDER_PATH)/w4Product";
			};
			name = Debug;
		};
		52B585A42A73A3EA00F8F37A /* Release */ = {
			isa = XCBuildConfiguration;
			buildSettings = {
				ALWAYS_EMBED_SWIFT_STANDARD_LIBRARIES = YES;
				BUNDLE_LOADER = "$(TEST_HOST)";
				CODE_SIGN_STYLE = Automatic;
				CURRENT_PROJECT_VERSION = 1;
				GENERATE_INFOPLIST_FILE = YES;
				IPHONEOS_DEPLOYMENT_TARGET = 16.4;
				MARKETING_VERSION = 1.0;
				PRODUCT_BUNDLE_IDENTIFIER = rmit.edu.w4ProductTests;
				PRODUCT_NAME = "$(TARGET_NAME)";
				SWIFT_EMIT_LOC_STRINGS = NO;
				SWIFT_VERSION = 5.0;
				TARGETED_DEVICE_FAMILY = "1,2";
				TEST_HOST = "$(BUILT_PRODUCTS_DIR)/w4Product.app/$(BUNDLE_EXECUTABLE_FOLDER_PATH)/w4Product";
			};
			name = Release;
		};
		52B585A62A73A3EA00F8F37A /* Debug */ = {
			isa = XCBuildConfiguration;
			buildSettings = {
				ALWAYS_EMBED_SWIFT_STANDARD_LIBRARIES = YES;
				CODE_SIGN_STYLE = Automatic;
				CURRENT_PROJECT_VERSION = 1;
				GENERATE_INFOPLIST_FILE = YES;
				MARKETING_VERSION = 1.0;
				PRODUCT_BUNDLE_IDENTIFIER = rmit.edu.w4ProductUITests;
				PRODUCT_NAME = "$(TARGET_NAME)";
				SWIFT_EMIT_LOC_STRINGS = NO;
				SWIFT_VERSION = 5.0;
				TARGETED_DEVICE_FAMILY = "1,2";
				TEST_TARGET_NAME = w4Product;
			};
			name = Debug;
		};
		52B585A72A73A3EA00F8F37A /* Release */ = {
			isa = XCBuildConfiguration;
			buildSettings = {
				ALWAYS_EMBED_SWIFT_STANDARD_LIBRARIES = YES;
				CODE_SIGN_STYLE = Automatic;
				CURRENT_PROJECT_VERSION = 1;
				GENERATE_INFOPLIST_FILE = YES;
				MARKETING_VERSION = 1.0;
				PRODUCT_BUNDLE_IDENTIFIER = rmit.edu.w4ProductUITests;
				PRODUCT_NAME = "$(TARGET_NAME)";
				SWIFT_EMIT_LOC_STRINGS = NO;
				SWIFT_VERSION = 5.0;
				TARGETED_DEVICE_FAMILY = "1,2";
				TEST_TARGET_NAME = w4Product;
			};
			name = Release;
		};
/* End XCBuildConfiguration section */

/* Begin XCConfigurationList section */
		52B585762A73A3E800F8F37A /* Build configuration list for PBXProject "w4Product" */ = {
			isa = XCConfigurationList;
			buildConfigurations = (
				52B5859D2A73A3EA00F8F37A /* Debug */,
				52B5859E2A73A3EA00F8F37A /* Release */,
			);
			defaultConfigurationIsVisible = 0;
			defaultConfigurationName = Release;
		};
		52B5859F2A73A3EA00F8F37A /* Build configuration list for PBXNativeTarget "w4Product" */ = {
			isa = XCConfigurationList;
			buildConfigurations = (
				52B585A02A73A3EA00F8F37A /* Debug */,
				52B585A12A73A3EA00F8F37A /* Release */,
			);
			defaultConfigurationIsVisible = 0;
			defaultConfigurationName = Release;
		};
		52B585A22A73A3EA00F8F37A /* Build configuration list for PBXNativeTarget "w4ProductTests" */ = {
			isa = XCConfigurationList;
			buildConfigurations = (
				52B585A32A73A3EA00F8F37A /* Debug */,
				52B585A42A73A3EA00F8F37A /* Release */,
			);
			defaultConfigurationIsVisible = 0;
			defaultConfigurationName = Release;
		};
		52B585A52A73A3EA00F8F37A /* Build configuration list for PBXNativeTarget "w4ProductUITests" */ = {
			isa = XCConfigurationList;
			buildConfigurations = (
				52B585A62A73A3EA00F8F37A /* Debug */,
				52B585A72A73A3EA00F8F37A /* Release */,
			);
			defaultConfigurationIsVisible = 0;
			defaultConfigurationName = Release;
		};
/* End XCConfigurationList section */
	};
	rootObject = 52B585732A73A3E800F8F37A /* Project object */;
}
